// !$*UTF8*$!
{
	archiveVersion = 1;
	classes = {
	};
	objectVersion = 46;
	objects = {

/* Begin PBXBuildFile section */
		1721F9C51E9979C000C1C7EA /* MapsViewController.swift in Sources */ = {isa = PBXBuildFile; fileRef = 1721F9C41E9979C000C1C7EA /* MapsViewController.swift */; };
		67AAC1FE1E930B110094894B /* ChangeNameViewController.swift in Sources */ = {isa = PBXBuildFile; fileRef = 67AAC1FD1E930B110094894B /* ChangeNameViewController.swift */; };
		67AAC2001E930DEE0094894B /* ChangeProfileViewController.swift in Sources */ = {isa = PBXBuildFile; fileRef = 67AAC1FF1E930DEE0094894B /* ChangeProfileViewController.swift */; };
		67AAC2021E9310260094894B /* ChangeAddressViewController.swift in Sources */ = {isa = PBXBuildFile; fileRef = 67AAC2011E9310260094894B /* ChangeAddressViewController.swift */; };
		67AAC2041E97320B0094894B /* RegistrationPickerViewController.swift in Sources */ = {isa = PBXBuildFile; fileRef = 67AAC2031E97320B0094894B /* RegistrationPickerViewController.swift */; };
		67AAC2081E9735E20094894B /* RuralViewController.swift in Sources */ = {isa = PBXBuildFile; fileRef = 67AAC2071E9735E20094894B /* RuralViewController.swift */; };
		67AAC20A1E9735F40094894B /* ResidencyViewController.swift in Sources */ = {isa = PBXBuildFile; fileRef = 67AAC2091E9735F40094894B /* ResidencyViewController.swift */; };
		67AAC20C1E9736470094894B /* NameViewController.swift in Sources */ = {isa = PBXBuildFile; fileRef = 67AAC20B1E9736470094894B /* NameViewController.swift */; };
		67AAC20E1E9736650094894B /* AddressViewController.swift in Sources */ = {isa = PBXBuildFile; fileRef = 67AAC20D1E9736650094894B /* AddressViewController.swift */; };
		67AAC2101E9737D20094894B /* BirthDateViewController.swift in Sources */ = {isa = PBXBuildFile; fileRef = 67AAC20F1E9737D20094894B /* BirthDateViewController.swift */; };
		AA169E891E6F63D300CFDE9F /* LoginController.swift in Sources */ = {isa = PBXBuildFile; fileRef = AA169E881E6F63D300CFDE9F /* LoginController.swift */; };
		F843C42A1E786BA0008075DC /* RegistrationViewController.swift in Sources */ = {isa = PBXBuildFile; fileRef = F843C4291E786BA0008075DC /* RegistrationViewController.swift */; };
		F84B5B7A1E9D56F200D31BC8 /* dlpSerial.txt in Resources */ = {isa = PBXBuildFile; fileRef = F84B5B791E9D56F200D31BC8 /* dlpSerial.txt */; };
		F8A2F4D61E412D21001A9427 /* AppDelegate.swift in Sources */ = {isa = PBXBuildFile; fileRef = F8A2F4D51E412D21001A9427 /* AppDelegate.swift */; };
		F8A2F4DB1E412D21001A9427 /* Main.storyboard in Resources */ = {isa = PBXBuildFile; fileRef = F8A2F4D91E412D21001A9427 /* Main.storyboard */; };
		F8A2F4DE1E412D21001A9427 /* Voter_Registration.xcdatamodeld in Sources */ = {isa = PBXBuildFile; fileRef = F8A2F4DC1E412D21001A9427 /* Voter_Registration.xcdatamodeld */; };
		F8A2F4E01E412D21001A9427 /* Assets.xcassets in Resources */ = {isa = PBXBuildFile; fileRef = F8A2F4DF1E412D21001A9427 /* Assets.xcassets */; };
		F8A2F4E31E412D22001A9427 /* LaunchScreen.storyboard in Resources */ = {isa = PBXBuildFile; fileRef = F8A2F4E11E412D22001A9427 /* LaunchScreen.storyboard */; };
		F8A2F4EE1E412D22001A9427 /* Voter_RegistrationTests.swift in Sources */ = {isa = PBXBuildFile; fileRef = F8A2F4ED1E412D22001A9427 /* Voter_RegistrationTests.swift */; };
		F8A2F4F91E412D22001A9427 /* Voter_RegistrationUITests.swift in Sources */ = {isa = PBXBuildFile; fileRef = F8A2F4F81E412D22001A9427 /* Voter_RegistrationUITests.swift */; };
		F8EC9BAA1E995B4F009A48AF /* SignatureViewController.swift in Sources */ = {isa = PBXBuildFile; fileRef = F8EC9BA91E995B4F009A48AF /* SignatureViewController.swift */; };
		F8EC9BAE1E9974B5009A48AF /* RegisterForAppViewController.swift in Sources */ = {isa = PBXBuildFile; fileRef = F8EC9BAD1E9974B5009A48AF /* RegisterForAppViewController.swift */; };
		F8EC9BB11E998389009A48AF /* libDriverLicenseParser.a in Frameworks */ = {isa = PBXBuildFile; fileRef = F8EC9BAF1E998389009A48AF /* libDriverLicenseParser.a */; };
/* End PBXBuildFile section */

/* Begin PBXContainerItemProxy section */
		F8A2F4EA1E412D22001A9427 /* PBXContainerItemProxy */ = {
			isa = PBXContainerItemProxy;
			containerPortal = F8A2F4CA1E412D21001A9427 /* Project object */;
			proxyType = 1;
			remoteGlobalIDString = F8A2F4D11E412D21001A9427;
			remoteInfo = "Voter Registration";
		};
		F8A2F4F51E412D22001A9427 /* PBXContainerItemProxy */ = {
			isa = PBXContainerItemProxy;
			containerPortal = F8A2F4CA1E412D21001A9427 /* Project object */;
			proxyType = 1;
			remoteGlobalIDString = F8A2F4D11E412D21001A9427;
			remoteInfo = "Voter Registration";
		};
/* End PBXContainerItemProxy section */

/* Begin PBXFileReference section */
		1721F9C41E9979C000C1C7EA /* MapsViewController.swift */ = {isa = PBXFileReference; fileEncoding = 4; lastKnownFileType = sourcecode.swift; path = MapsViewController.swift; sourceTree = "<group>"; };
		67AAC1FD1E930B110094894B /* ChangeNameViewController.swift */ = {isa = PBXFileReference; fileEncoding = 4; lastKnownFileType = sourcecode.swift; path = ChangeNameViewController.swift; sourceTree = "<group>"; };
		67AAC1FF1E930DEE0094894B /* ChangeProfileViewController.swift */ = {isa = PBXFileReference; fileEncoding = 4; lastKnownFileType = sourcecode.swift; path = ChangeProfileViewController.swift; sourceTree = "<group>"; };
		67AAC2011E9310260094894B /* ChangeAddressViewController.swift */ = {isa = PBXFileReference; fileEncoding = 4; lastKnownFileType = sourcecode.swift; path = ChangeAddressViewController.swift; sourceTree = "<group>"; };
		67AAC2031E97320B0094894B /* RegistrationPickerViewController.swift */ = {isa = PBXFileReference; fileEncoding = 4; lastKnownFileType = sourcecode.swift; path = RegistrationPickerViewController.swift; sourceTree = "<group>"; };
		67AAC2071E9735E20094894B /* RuralViewController.swift */ = {isa = PBXFileReference; fileEncoding = 4; lastKnownFileType = sourcecode.swift; path = RuralViewController.swift; sourceTree = "<group>"; };
		67AAC2091E9735F40094894B /* ResidencyViewController.swift */ = {isa = PBXFileReference; fileEncoding = 4; lastKnownFileType = sourcecode.swift; path = ResidencyViewController.swift; sourceTree = "<group>"; };
		67AAC20B1E9736470094894B /* NameViewController.swift */ = {isa = PBXFileReference; fileEncoding = 4; lastKnownFileType = sourcecode.swift; path = NameViewController.swift; sourceTree = "<group>"; };
		67AAC20D1E9736650094894B /* AddressViewController.swift */ = {isa = PBXFileReference; fileEncoding = 4; lastKnownFileType = sourcecode.swift; path = AddressViewController.swift; sourceTree = "<group>"; };
		67AAC20F1E9737D20094894B /* BirthDateViewController.swift */ = {isa = PBXFileReference; fileEncoding = 4; lastKnownFileType = sourcecode.swift; path = BirthDateViewController.swift; sourceTree = "<group>"; };
		AA169E881E6F63D300CFDE9F /* LoginController.swift */ = {isa = PBXFileReference; fileEncoding = 4; lastKnownFileType = sourcecode.swift; path = LoginController.swift; sourceTree = "<group>"; };
		F843C4291E786BA0008075DC /* RegistrationViewController.swift */ = {isa = PBXFileReference; fileEncoding = 4; lastKnownFileType = sourcecode.swift; path = RegistrationViewController.swift; sourceTree = "<group>"; };
		F84B5B791E9D56F200D31BC8 /* dlpSerial.txt */ = {isa = PBXFileReference; fileEncoding = 4; lastKnownFileType = text; path = dlpSerial.txt; sourceTree = "<group>"; };
		F8A2F4D21E412D21001A9427 /* Voter Registration.app */ = {isa = PBXFileReference; explicitFileType = wrapper.application; includeInIndex = 0; path = "Voter Registration.app"; sourceTree = BUILT_PRODUCTS_DIR; };
		F8A2F4D51E412D21001A9427 /* AppDelegate.swift */ = {isa = PBXFileReference; lastKnownFileType = sourcecode.swift; path = AppDelegate.swift; sourceTree = "<group>"; };
		F8A2F4DA1E412D21001A9427 /* Base */ = {isa = PBXFileReference; lastKnownFileType = file.storyboard; name = Base; path = Base.lproj/Main.storyboard; sourceTree = "<group>"; };
		F8A2F4DD1E412D21001A9427 /* Voter_Registration.xcdatamodel */ = {isa = PBXFileReference; lastKnownFileType = wrapper.xcdatamodel; path = Voter_Registration.xcdatamodel; sourceTree = "<group>"; };
		F8A2F4DF1E412D21001A9427 /* Assets.xcassets */ = {isa = PBXFileReference; lastKnownFileType = folder.assetcatalog; path = Assets.xcassets; sourceTree = "<group>"; };
		F8A2F4E21E412D22001A9427 /* Base */ = {isa = PBXFileReference; lastKnownFileType = file.storyboard; name = Base; path = Base.lproj/LaunchScreen.storyboard; sourceTree = "<group>"; };
		F8A2F4E41E412D22001A9427 /* Info.plist */ = {isa = PBXFileReference; lastKnownFileType = text.plist.xml; path = Info.plist; sourceTree = "<group>"; };
		F8A2F4E91E412D22001A9427 /* Voter RegistrationTests.xctest */ = {isa = PBXFileReference; explicitFileType = wrapper.cfbundle; includeInIndex = 0; path = "Voter RegistrationTests.xctest"; sourceTree = BUILT_PRODUCTS_DIR; };
		F8A2F4ED1E412D22001A9427 /* Voter_RegistrationTests.swift */ = {isa = PBXFileReference; lastKnownFileType = sourcecode.swift; path = Voter_RegistrationTests.swift; sourceTree = "<group>"; };
		F8A2F4EF1E412D22001A9427 /* Info.plist */ = {isa = PBXFileReference; lastKnownFileType = text.plist.xml; path = Info.plist; sourceTree = "<group>"; };
		F8A2F4F41E412D22001A9427 /* Voter RegistrationUITests.xctest */ = {isa = PBXFileReference; explicitFileType = wrapper.cfbundle; includeInIndex = 0; path = "Voter RegistrationUITests.xctest"; sourceTree = BUILT_PRODUCTS_DIR; };
		F8A2F4F81E412D22001A9427 /* Voter_RegistrationUITests.swift */ = {isa = PBXFileReference; lastKnownFileType = sourcecode.swift; path = Voter_RegistrationUITests.swift; sourceTree = "<group>"; };
		F8A2F4FA1E412D22001A9427 /* Info.plist */ = {isa = PBXFileReference; lastKnownFileType = text.plist.xml; path = Info.plist; sourceTree = "<group>"; };
		F8EC9BA91E995B4F009A48AF /* SignatureViewController.swift */ = {isa = PBXFileReference; fileEncoding = 4; lastKnownFileType = sourcecode.swift; path = SignatureViewController.swift; sourceTree = "<group>"; };
		F8EC9BAD1E9974B5009A48AF /* RegisterForAppViewController.swift */ = {isa = PBXFileReference; fileEncoding = 4; lastKnownFileType = sourcecode.swift; path = RegisterForAppViewController.swift; sourceTree = "<group>"; };
		F8EC9BAF1E998389009A48AF /* libDriverLicenseParser.a */ = {isa = PBXFileReference; lastKnownFileType = archive.ar; path = libDriverLicenseParser.a; sourceTree = "<group>"; };
		F8EC9BB01E998389009A48AF /* DriverLicenseParser.h */ = {isa = PBXFileReference; fileEncoding = 4; lastKnownFileType = sourcecode.c.h; path = DriverLicenseParser.h; sourceTree = "<group>"; };
/* End PBXFileReference section */

/* Begin PBXFrameworksBuildPhase section */
		F8A2F4CF1E412D21001A9427 /* Frameworks */ = {
			isa = PBXFrameworksBuildPhase;
			buildActionMask = 2147483647;
			files = (
				F8EC9BB11E998389009A48AF /* libDriverLicenseParser.a in Frameworks */,
			);
			runOnlyForDeploymentPostprocessing = 0;
		};
		F8A2F4E61E412D22001A9427 /* Frameworks */ = {
			isa = PBXFrameworksBuildPhase;
			buildActionMask = 2147483647;
			files = (
			);
			runOnlyForDeploymentPostprocessing = 0;
		};
		F8A2F4F11E412D22001A9427 /* Frameworks */ = {
			isa = PBXFrameworksBuildPhase;
			buildActionMask = 2147483647;
			files = (
			);
			runOnlyForDeploymentPostprocessing = 0;
		};
/* End PBXFrameworksBuildPhase section */

/* Begin PBXGroup section */
		F8A2F4C91E412D21001A9427 = {
			isa = PBXGroup;
			children = (
				F8A2F4D41E412D21001A9427 /* Voter Registration */,
				F8A2F4EC1E412D22001A9427 /* Voter RegistrationTests */,
				F8A2F4F71E412D22001A9427 /* Voter RegistrationUITests */,
				F8A2F4D31E412D21001A9427 /* Products */,
			);
			sourceTree = "<group>";
		};
		F8A2F4D31E412D21001A9427 /* Products */ = {
			isa = PBXGroup;
			children = (
				F8A2F4D21E412D21001A9427 /* Voter Registration.app */,
				F8A2F4E91E412D22001A9427 /* Voter RegistrationTests.xctest */,
				F8A2F4F41E412D22001A9427 /* Voter RegistrationUITests.xctest */,
			);
			name = Products;
			sourceTree = "<group>";
		};
		F8A2F4D41E412D21001A9427 /* Voter Registration */ = {
			isa = PBXGroup;
			children = (
				F84B5B791E9D56F200D31BC8 /* dlpSerial.txt */,
				F8EC9BAF1E998389009A48AF /* libDriverLicenseParser.a */,
				F8EC9BB01E998389009A48AF /* DriverLicenseParser.h */,
				F8EC9BAD1E9974B5009A48AF /* RegisterForAppViewController.swift */,
				F8A2F4D51E412D21001A9427 /* AppDelegate.swift */,
				F8A2F4D91E412D21001A9427 /* Main.storyboard */,
				67AAC20D1E9736650094894B /* AddressViewController.swift */,
				AA169E881E6F63D300CFDE9F /* LoginController.swift */,
				F8A2F4DF1E412D21001A9427 /* Assets.xcassets */,
				F8A2F4E11E412D22001A9427 /* LaunchScreen.storyboard */,
				F8A2F4E41E412D22001A9427 /* Info.plist */,
				F8A2F4DC1E412D21001A9427 /* Voter_Registration.xcdatamodeld */,
				F843C4291E786BA0008075DC /* RegistrationViewController.swift */,
				67AAC1FD1E930B110094894B /* ChangeNameViewController.swift */,
				67AAC1FF1E930DEE0094894B /* ChangeProfileViewController.swift */,
				67AAC2011E9310260094894B /* ChangeAddressViewController.swift */,
				67AAC2031E97320B0094894B /* RegistrationPickerViewController.swift */,
				67AAC2071E9735E20094894B /* RuralViewController.swift */,
				67AAC2091E9735F40094894B /* ResidencyViewController.swift */,
				67AAC20B1E9736470094894B /* NameViewController.swift */,
				67AAC20F1E9737D20094894B /* BirthDateViewController.swift */,
				F8EC9BA91E995B4F009A48AF /* SignatureViewController.swift */,
				1721F9C41E9979C000C1C7EA /* MapsViewController.swift */,
			);
			path = "Voter Registration";
			sourceTree = "<group>";
		};
		F8A2F4EC1E412D22001A9427 /* Voter RegistrationTests */ = {
			isa = PBXGroup;
			children = (
				F8A2F4ED1E412D22001A9427 /* Voter_RegistrationTests.swift */,
				F8A2F4EF1E412D22001A9427 /* Info.plist */,
			);
			path = "Voter RegistrationTests";
			sourceTree = "<group>";
		};
		F8A2F4F71E412D22001A9427 /* Voter RegistrationUITests */ = {
			isa = PBXGroup;
			children = (
				F8A2F4F81E412D22001A9427 /* Voter_RegistrationUITests.swift */,
				F8A2F4FA1E412D22001A9427 /* Info.plist */,
			);
			path = "Voter RegistrationUITests";
			sourceTree = "<group>";
		};
/* End PBXGroup section */

/* Begin PBXNativeTarget section */
		F8A2F4D11E412D21001A9427 /* Voter Registration */ = {
			isa = PBXNativeTarget;
			buildConfigurationList = F8A2F4FD1E412D22001A9427 /* Build configuration list for PBXNativeTarget "Voter Registration" */;
			buildPhases = (
				F8A2F4CE1E412D21001A9427 /* Sources */,
				F8A2F4CF1E412D21001A9427 /* Frameworks */,
				F8A2F4D01E412D21001A9427 /* Resources */,
			);
			buildRules = (
			);
			dependencies = (
			);
			name = "Voter Registration";
			productName = "Voter Registration";
			productReference = F8A2F4D21E412D21001A9427 /* Voter Registration.app */;
			productType = "com.apple.product-type.application";
		};
		F8A2F4E81E412D22001A9427 /* Voter RegistrationTests */ = {
			isa = PBXNativeTarget;
			buildConfigurationList = F8A2F5001E412D22001A9427 /* Build configuration list for PBXNativeTarget "Voter RegistrationTests" */;
			buildPhases = (
				F8A2F4E51E412D22001A9427 /* Sources */,
				F8A2F4E61E412D22001A9427 /* Frameworks */,
				F8A2F4E71E412D22001A9427 /* Resources */,
			);
			buildRules = (
			);
			dependencies = (
				F8A2F4EB1E412D22001A9427 /* PBXTargetDependency */,
			);
			name = "Voter RegistrationTests";
			productName = "Voter RegistrationTests";
			productReference = F8A2F4E91E412D22001A9427 /* Voter RegistrationTests.xctest */;
			productType = "com.apple.product-type.bundle.unit-test";
		};
		F8A2F4F31E412D22001A9427 /* Voter RegistrationUITests */ = {
			isa = PBXNativeTarget;
			buildConfigurationList = F8A2F5031E412D22001A9427 /* Build configuration list for PBXNativeTarget "Voter RegistrationUITests" */;
			buildPhases = (
				F8A2F4F01E412D22001A9427 /* Sources */,
				F8A2F4F11E412D22001A9427 /* Frameworks */,
				F8A2F4F21E412D22001A9427 /* Resources */,
			);
			buildRules = (
			);
			dependencies = (
				F8A2F4F61E412D22001A9427 /* PBXTargetDependency */,
			);
			name = "Voter RegistrationUITests";
			productName = "Voter RegistrationUITests";
			productReference = F8A2F4F41E412D22001A9427 /* Voter RegistrationUITests.xctest */;
			productType = "com.apple.product-type.bundle.ui-testing";
		};
/* End PBXNativeTarget section */

/* Begin PBXProject section */
		F8A2F4CA1E412D21001A9427 /* Project object */ = {
			isa = PBXProject;
			attributes = {
				LastSwiftUpdateCheck = 0820;
				LastUpgradeCheck = 0820;
				ORGANIZATIONNAME = "Jeremy Evers";
				TargetAttributes = {
					F8A2F4D11E412D21001A9427 = {
						CreatedOnToolsVersion = 8.2.1;
						ProvisioningStyle = Automatic;
					};
					F8A2F4E81E412D22001A9427 = {
						CreatedOnToolsVersion = 8.2.1;
						ProvisioningStyle = Automatic;
						TestTargetID = F8A2F4D11E412D21001A9427;
					};
					F8A2F4F31E412D22001A9427 = {
						CreatedOnToolsVersion = 8.2.1;
						ProvisioningStyle = Automatic;
						TestTargetID = F8A2F4D11E412D21001A9427;
					};
				};
			};
			buildConfigurationList = F8A2F4CD1E412D21001A9427 /* Build configuration list for PBXProject "Voter Registration" */;
			compatibilityVersion = "Xcode 3.2";
			developmentRegion = English;
			hasScannedForEncodings = 0;
			knownRegions = (
				en,
				Base,
			);
			mainGroup = F8A2F4C91E412D21001A9427;
			productRefGroup = F8A2F4D31E412D21001A9427 /* Products */;
			projectDirPath = "";
			projectRoot = "";
			targets = (
				F8A2F4D11E412D21001A9427 /* Voter Registration */,
				F8A2F4E81E412D22001A9427 /* Voter RegistrationTests */,
				F8A2F4F31E412D22001A9427 /* Voter RegistrationUITests */,
			);
		};
/* End PBXProject section */

/* Begin PBXResourcesBuildPhase section */
		F8A2F4D01E412D21001A9427 /* Resources */ = {
			isa = PBXResourcesBuildPhase;
			buildActionMask = 2147483647;
			files = (
				F8A2F4E31E412D22001A9427 /* LaunchScreen.storyboard in Resources */,
				F8A2F4E01E412D21001A9427 /* Assets.xcassets in Resources */,
				F8A2F4DB1E412D21001A9427 /* Main.storyboard in Resources */,
				F84B5B7A1E9D56F200D31BC8 /* dlpSerial.txt in Resources */,
			);
			runOnlyForDeploymentPostprocessing = 0;
		};
		F8A2F4E71E412D22001A9427 /* Resources */ = {
			isa = PBXResourcesBuildPhase;
			buildActionMask = 2147483647;
			files = (
			);
			runOnlyForDeploymentPostprocessing = 0;
		};
		F8A2F4F21E412D22001A9427 /* Resources */ = {
			isa = PBXResourcesBuildPhase;
			buildActionMask = 2147483647;
			files = (
			);
			runOnlyForDeploymentPostprocessing = 0;
		};
/* End PBXResourcesBuildPhase section */

/* Begin PBXSourcesBuildPhase section */
		F8A2F4CE1E412D21001A9427 /* Sources */ = {
			isa = PBXSourcesBuildPhase;
			buildActionMask = 2147483647;
			files = (
				1721F9C51E9979C000C1C7EA /* MapsViewController.swift in Sources */,
				F8A2F4D61E412D21001A9427 /* AppDelegate.swift in Sources */,
				67AAC2041E97320B0094894B /* RegistrationPickerViewController.swift in Sources */,
				F8EC9BAE1E9974B5009A48AF /* RegisterForAppViewController.swift in Sources */,
				AA169E891E6F63D300CFDE9F /* LoginController.swift in Sources */,
				67AAC2101E9737D20094894B /* BirthDateViewController.swift in Sources */,
				67AAC20E1E9736650094894B /* AddressViewController.swift in Sources */,
				67AAC2001E930DEE0094894B /* ChangeProfileViewController.swift in Sources */,
				67AAC2021E9310260094894B /* ChangeAddressViewController.swift in Sources */,
				67AAC2081E9735E20094894B /* RuralViewController.swift in Sources */,
				67AAC20C1E9736470094894B /* NameViewController.swift in Sources */,
				67AAC1FE1E930B110094894B /* ChangeNameViewController.swift in Sources */,
				67AAC20A1E9735F40094894B /* ResidencyViewController.swift in Sources */,
				F8EC9BAA1E995B4F009A48AF /* SignatureViewController.swift in Sources */,
				F843C42A1E786BA0008075DC /* RegistrationViewController.swift in Sources */,
				F8A2F4DE1E412D21001A9427 /* Voter_Registration.xcdatamodeld in Sources */,
			);
			runOnlyForDeploymentPostprocessing = 0;
		};
		F8A2F4E51E412D22001A9427 /* Sources */ = {
			isa = PBXSourcesBuildPhase;
			buildActionMask = 2147483647;
			files = (
				F8A2F4EE1E412D22001A9427 /* Voter_RegistrationTests.swift in Sources */,
			);
			runOnlyForDeploymentPostprocessing = 0;
		};
		F8A2F4F01E412D22001A9427 /* Sources */ = {
			isa = PBXSourcesBuildPhase;
			buildActionMask = 2147483647;
			files = (
				F8A2F4F91E412D22001A9427 /* Voter_RegistrationUITests.swift in Sources */,
			);
			runOnlyForDeploymentPostprocessing = 0;
		};
/* End PBXSourcesBuildPhase section */

/* Begin PBXTargetDependency section */
		F8A2F4EB1E412D22001A9427 /* PBXTargetDependency */ = {
			isa = PBXTargetDependency;
			target = F8A2F4D11E412D21001A9427 /* Voter Registration */;
			targetProxy = F8A2F4EA1E412D22001A9427 /* PBXContainerItemProxy */;
		};
		F8A2F4F61E412D22001A9427 /* PBXTargetDependency */ = {
			isa = PBXTargetDependency;
			target = F8A2F4D11E412D21001A9427 /* Voter Registration */;
			targetProxy = F8A2F4F51E412D22001A9427 /* PBXContainerItemProxy */;
		};
/* End PBXTargetDependency section */

/* Begin PBXVariantGroup section */
		F8A2F4D91E412D21001A9427 /* Main.storyboard */ = {
			isa = PBXVariantGroup;
			children = (
				F8A2F4DA1E412D21001A9427 /* Base */,
			);
			name = Main.storyboard;
			sourceTree = "<group>";
		};
		F8A2F4E11E412D22001A9427 /* LaunchScreen.storyboard */ = {
			isa = PBXVariantGroup;
			children = (
				F8A2F4E21E412D22001A9427 /* Base */,
			);
			name = LaunchScreen.storyboard;
			sourceTree = "<group>";
		};
/* End PBXVariantGroup section */

/* Begin XCBuildConfiguration section */
		F8A2F4FB1E412D22001A9427 /* Debug */ = {
			isa = XCBuildConfiguration;
			buildSettings = {
				ALWAYS_SEARCH_USER_PATHS = NO;
				CLANG_ANALYZER_NONNULL = YES;
				CLANG_CXX_LANGUAGE_STANDARD = "gnu++0x";
				CLANG_CXX_LIBRARY = "libc++";
				CLANG_ENABLE_MODULES = YES;
				CLANG_ENABLE_OBJC_ARC = YES;
				CLANG_WARN_BOOL_CONVERSION = YES;
				CLANG_WARN_CONSTANT_CONVERSION = YES;
				CLANG_WARN_DIRECT_OBJC_ISA_USAGE = YES_ERROR;
				CLANG_WARN_DOCUMENTATION_COMMENTS = YES;
				CLANG_WARN_EMPTY_BODY = YES;
				CLANG_WARN_ENUM_CONVERSION = YES;
				CLANG_WARN_INFINITE_RECURSION = YES;
				CLANG_WARN_INT_CONVERSION = YES;
				CLANG_WARN_OBJC_ROOT_CLASS = YES_ERROR;
				CLANG_WARN_SUSPICIOUS_MOVE = YES;
				CLANG_WARN_UNREACHABLE_CODE = YES;
				CLANG_WARN__DUPLICATE_METHOD_MATCH = YES;
				"CODE_SIGN_IDENTITY[sdk=iphoneos*]" = "iPhone Developer";
				COPY_PHASE_STRIP = NO;
				DEBUG_INFORMATION_FORMAT = dwarf;
				ENABLE_STRICT_OBJC_MSGSEND = YES;
				ENABLE_TESTABILITY = YES;
				GCC_C_LANGUAGE_STANDARD = gnu99;
				GCC_DYNAMIC_NO_PIC = NO;
				GCC_NO_COMMON_BLOCKS = YES;
				GCC_OPTIMIZATION_LEVEL = 0;
				GCC_PREPROCESSOR_DEFINITIONS = (
					"DEBUG=1",
					"$(inherited)",
				);
				GCC_WARN_64_TO_32_BIT_CONVERSION = YES;
				GCC_WARN_ABOUT_RETURN_TYPE = YES_ERROR;
				GCC_WARN_UNDECLARED_SELECTOR = YES;
				GCC_WARN_UNINITIALIZED_AUTOS = YES_AGGRESSIVE;
				GCC_WARN_UNUSED_FUNCTION = YES;
				GCC_WARN_UNUSED_VARIABLE = YES;
				IPHONEOS_DEPLOYMENT_TARGET = 10.2;
				MTL_ENABLE_DEBUG_INFO = YES;
				ONLY_ACTIVE_ARCH = YES;
				SDKROOT = iphoneos;
				SWIFT_ACTIVE_COMPILATION_CONDITIONS = DEBUG;
				SWIFT_OPTIMIZATION_LEVEL = "-Onone";
			};
			name = Debug;
		};
		F8A2F4FC1E412D22001A9427 /* Release */ = {
			isa = XCBuildConfiguration;
			buildSettings = {
				ALWAYS_SEARCH_USER_PATHS = NO;
				CLANG_ANALYZER_NONNULL = YES;
				CLANG_CXX_LANGUAGE_STANDARD = "gnu++0x";
				CLANG_CXX_LIBRARY = "libc++";
				CLANG_ENABLE_MODULES = YES;
				CLANG_ENABLE_OBJC_ARC = YES;
				CLANG_WARN_BOOL_CONVERSION = YES;
				CLANG_WARN_CONSTANT_CONVERSION = YES;
				CLANG_WARN_DIRECT_OBJC_ISA_USAGE = YES_ERROR;
				CLANG_WARN_DOCUMENTATION_COMMENTS = YES;
				CLANG_WARN_EMPTY_BODY = YES;
				CLANG_WARN_ENUM_CONVERSION = YES;
				CLANG_WARN_INFINITE_RECURSION = YES;
				CLANG_WARN_INT_CONVERSION = YES;
				CLANG_WARN_OBJC_ROOT_CLASS = YES_ERROR;
				CLANG_WARN_SUSPICIOUS_MOVE = YES;
				CLANG_WARN_UNREACHABLE_CODE = YES;
				CLANG_WARN__DUPLICATE_METHOD_MATCH = YES;
				"CODE_SIGN_IDENTITY[sdk=iphoneos*]" = "iPhone Developer";
				COPY_PHASE_STRIP = NO;
				DEBUG_INFORMATION_FORMAT = "dwarf-with-dsym";
				ENABLE_NS_ASSERTIONS = NO;
				ENABLE_STRICT_OBJC_MSGSEND = YES;
				GCC_C_LANGUAGE_STANDARD = gnu99;
				GCC_NO_COMMON_BLOCKS = YES;
				GCC_WARN_64_TO_32_BIT_CONVERSION = YES;
				GCC_WARN_ABOUT_RETURN_TYPE = YES_ERROR;
				GCC_WARN_UNDECLARED_SELECTOR = YES;
				GCC_WARN_UNINITIALIZED_AUTOS = YES_AGGRESSIVE;
				GCC_WARN_UNUSED_FUNCTION = YES;
				GCC_WARN_UNUSED_VARIABLE = YES;
				IPHONEOS_DEPLOYMENT_TARGET = 10.2;
				MTL_ENABLE_DEBUG_INFO = NO;
				SDKROOT = iphoneos;
				SWIFT_OPTIMIZATION_LEVEL = "-Owholemodule";
				VALIDATE_PRODUCT = YES;
			};
			name = Release;
		};
		F8A2F4FE1E412D22001A9427 /* Debug */ = {
			isa = XCBuildConfiguration;
			buildSettings = {
				ASSETCATALOG_COMPILER_APPICON_NAME = AppIcon;
				INFOPLIST_FILE = "Voter Registration/Info.plist";
				LD_RUNPATH_SEARCH_PATHS = "$(inherited) @executable_path/Frameworks";
				LIBRARY_SEARCH_PATHS = (
					"$(inherited)",
					"$(PROJECT_DIR)/Voter\\ Registration",
				);
				PRODUCT_BUNDLE_IDENTIFIER = "none.Voter-Registration";
				PRODUCT_NAME = "$(TARGET_NAME)";
				SWIFT_VERSION = 3.0;
			};
			name = Debug;
		};
		F8A2F4FF1E412D22001A9427 /* Release */ = {
			isa = XCBuildConfiguration;
			buildSettings = {
				ASSETCATALOG_COMPILER_APPICON_NAME = AppIcon;
				INFOPLIST_FILE = "Voter Registration/Info.plist";
				LD_RUNPATH_SEARCH_PATHS = "$(inherited) @executable_path/Frameworks";
				LIBRARY_SEARCH_PATHS = (
					"$(inherited)",
					"$(PROJECT_DIR)/Voter\\ Registration",
				);
				PRODUCT_BUNDLE_IDENTIFIER = "none.Voter-Registration";
				PRODUCT_NAME = "$(TARGET_NAME)";
				SWIFT_VERSION = 3.0;
			};
			name = Release;
		};
		F8A2F5011E412D22001A9427 /* Debug */ = {
			isa = XCBuildConfiguration;
			buildSettings = {
				ALWAYS_EMBED_SWIFT_STANDARD_LIBRARIES = YES;
				BUNDLE_LOADER = "$(TEST_HOST)";
				INFOPLIST_FILE = "Voter RegistrationTests/Info.plist";
				LD_RUNPATH_SEARCH_PATHS = "$(inherited) @executable_path/Frameworks @loader_path/Frameworks";
				PRODUCT_BUNDLE_IDENTIFIER = "none.Voter-RegistrationTests";
				PRODUCT_NAME = "$(TARGET_NAME)";
				SWIFT_VERSION = 3.0;
				TEST_HOST = "$(BUILT_PRODUCTS_DIR)/Voter Registration.app/Voter Registration";
			};
			name = Debug;
		};
		F8A2F5021E412D22001A9427 /* Release */ = {
			isa = XCBuildConfiguration;
			buildSettings = {
				ALWAYS_EMBED_SWIFT_STANDARD_LIBRARIES = YES;
				BUNDLE_LOADER = "$(TEST_HOST)";
				INFOPLIST_FILE = "Voter RegistrationTests/Info.plist";
				LD_RUNPATH_SEARCH_PATHS = "$(inherited) @executable_path/Frameworks @loader_path/Frameworks";
				PRODUCT_BUNDLE_IDENTIFIER = "none.Voter-RegistrationTests";
				PRODUCT_NAME = "$(TARGET_NAME)";
				SWIFT_VERSION = 3.0;
				TEST_HOST = "$(BUILT_PRODUCTS_DIR)/Voter Registration.app/Voter Registration";
			};
			name = Release;
		};
		F8A2F5041E412D22001A9427 /* Debug */ = {
			isa = XCBuildConfiguration;
			buildSettings = {
				ALWAYS_EMBED_SWIFT_STANDARD_LIBRARIES = YES;
				INFOPLIST_FILE = "Voter RegistrationUITests/Info.plist";
				LD_RUNPATH_SEARCH_PATHS = "$(inherited) @executable_path/Frameworks @loader_path/Frameworks";
				PRODUCT_BUNDLE_IDENTIFIER = "none.Voter-RegistrationUITests";
				PRODUCT_NAME = "$(TARGET_NAME)";
				SWIFT_VERSION = 3.0;
				TEST_TARGET_NAME = "Voter Registration";
			};
			name = Debug;
		};
		F8A2F5051E412D22001A9427 /* Release */ = {
			isa = XCBuildConfiguration;
			buildSettings = {
				ALWAYS_EMBED_SWIFT_STANDARD_LIBRARIES = YES;
				INFOPLIST_FILE = "Voter RegistrationUITests/Info.plist";
				LD_RUNPATH_SEARCH_PATHS = "$(inherited) @executable_path/Frameworks @loader_path/Frameworks";
				PRODUCT_BUNDLE_IDENTIFIER = "none.Voter-RegistrationUITests";
				PRODUCT_NAME = "$(TARGET_NAME)";
				SWIFT_VERSION = 3.0;
				TEST_TARGET_NAME = "Voter Registration";
			};
			name = Release;
		};
/* End XCBuildConfiguration section */

/* Begin XCConfigurationList section */
		F8A2F4CD1E412D21001A9427 /* Build configuration list for PBXProject "Voter Registration" */ = {
			isa = XCConfigurationList;
			buildConfigurations = (
				F8A2F4FB1E412D22001A9427 /* Debug */,
				F8A2F4FC1E412D22001A9427 /* Release */,
			);
			defaultConfigurationIsVisible = 0;
			defaultConfigurationName = Release;
		};
		F8A2F4FD1E412D22001A9427 /* Build configuration list for PBXNativeTarget "Voter Registration" */ = {
			isa = XCConfigurationList;
			buildConfigurations = (
				F8A2F4FE1E412D22001A9427 /* Debug */,
				F8A2F4FF1E412D22001A9427 /* Release */,
			);
			defaultConfigurationIsVisible = 0;
			defaultConfigurationName = Release;
		};
		F8A2F5001E412D22001A9427 /* Build configuration list for PBXNativeTarget "Voter RegistrationTests" */ = {
			isa = XCConfigurationList;
			buildConfigurations = (
				F8A2F5011E412D22001A9427 /* Debug */,
				F8A2F5021E412D22001A9427 /* Release */,
			);
			defaultConfigurationIsVisible = 0;
			defaultConfigurationName = Release;
		};
		F8A2F5031E412D22001A9427 /* Build configuration list for PBXNativeTarget "Voter RegistrationUITests" */ = {
			isa = XCConfigurationList;
			buildConfigurations = (
				F8A2F5041E412D22001A9427 /* Debug */,
				F8A2F5051E412D22001A9427 /* Release */,
			);
			defaultConfigurationIsVisible = 0;
			defaultConfigurationName = Release;
		};
/* End XCConfigurationList section */

/* Begin XCVersionGroup section */
		F8A2F4DC1E412D21001A9427 /* Voter_Registration.xcdatamodeld */ = {
			isa = XCVersionGroup;
			children = (
				F8A2F4DD1E412D21001A9427 /* Voter_Registration.xcdatamodel */,
			);
			currentVersion = F8A2F4DD1E412D21001A9427 /* Voter_Registration.xcdatamodel */;
			path = Voter_Registration.xcdatamodeld;
			sourceTree = "<group>";
			versionGroupType = wrapper.xcdatamodel;
		};
/* End XCVersionGroup section */
	};
	rootObject = F8A2F4CA1E412D21001A9427 /* Project object */;
}
